// !$*UTF8*$!
{
	archiveVersion = 1;
	classes = {
	};
	objectVersion = 77;
	objects = {

/* Begin PBXBuildFile section */
		F456D5222ED0D3F00011C874 /* libUnitTest++.a in Frameworks */ = {isa = PBXBuildFile; fileRef = F456D5212ED0D3F00011C874 /* libUnitTest++.a */; };
/* End PBXBuildFile section */

/* Begin PBXCopyFilesBuildPhase section */
		F456D5062ECE34510011C874 /* CopyFiles */ = {
			isa = PBXCopyFilesBuildPhase;
			buildActionMask = 2147483647;
			dstPath = /usr/share/man/man1/;
			dstSubfolderSpec = 0;
			files = (
			);
			runOnlyForDeploymentPostprocessing = 1;
		};
		F456D5152ED042BB0011C874 /* CopyFiles */ = {
			isa = PBXCopyFilesBuildPhase;
			buildActionMask = 2147483647;
			dstPath = /usr/share/man/man1/;
			dstSubfolderSpec = 0;
			files = (
			);
			runOnlyForDeploymentPostprocessing = 1;
		};
/* End PBXCopyFilesBuildPhase section */

/* Begin PBXFileReference section */
		F456D5082ECE34510011C874 /* ppois_2 */ = {isa = PBXFileReference; explicitFileType = "compiled.mach-o.executable"; includeInIndex = 0; path = ppois_2; sourceTree = BUILT_PRODUCTS_DIR; };
		F456D5172ED042BB0011C874 /* KitchenTests */ = {isa = PBXFileReference; explicitFileType = "compiled.mach-o.executable"; includeInIndex = 0; path = KitchenTests; sourceTree = BUILT_PRODUCTS_DIR; };
		F456D5212ED0D3F00011C874 /* libUnitTest++.a */ = {isa = PBXFileReference; lastKnownFileType = archive.ar; name = "libUnitTest++.a"; path = "../../../../opt/homebrew/Cellar/unittest-cpp/2.0.0/lib/libUnitTest++.a"; sourceTree = "<group>"; };
		F4B62B322ED38F9700B69ECD /* ppois_2.xcodeproj */ = {isa = PBXFileReference; lastKnownFileType = "wrapper.pb-project"; path = ppois_2.xcodeproj; sourceTree = "<group>"; };
/* End PBXFileReference section */

/* Begin PBXFileSystemSynchronizedBuildFileExceptionSet section */
		F4A6B11B2ED97730007F62B9 /* Exceptions for "ppois_2" folder in "KitchenTests" target */ = {
			isa = PBXFileSystemSynchronizedBuildFileExceptionSet;
			membershipExceptions = (
				kitchen.cpp,
			);
			target = F456D5162ED042BB0011C874 /* KitchenTests */;
		};
/* End PBXFileSystemSynchronizedBuildFileExceptionSet section */

/* Begin PBXFileSystemSynchronizedRootGroup section */
		F456D50A2ECE34510011C874 /* ppois_2 */ = {
			isa = PBXFileSystemSynchronizedRootGroup;
			exceptions = (
				F4A6B11B2ED97730007F62B9 /* Exceptions for "ppois_2" folder in "KitchenTests" target */,
			);
			path = ppois_2;
			sourceTree = "<group>";
		};
		F456D5182ED042BB0011C874 /* KitchenTests */ = {
			isa = PBXFileSystemSynchronizedRootGroup;
			path = KitchenTests;
			sourceTree = "<group>";
		};
/* End PBXFileSystemSynchronizedRootGroup section */

/* Begin PBXFrameworksBuildPhase section */
		F456D5052ECE34510011C874 /* Frameworks */ = {
			isa = PBXFrameworksBuildPhase;
			buildActionMask = 2147483647;
			files = (
			);
			runOnlyForDeploymentPostprocessing = 0;
		};
		F456D5142ED042BB0011C874 /* Frameworks */ = {
			isa = PBXFrameworksBuildPhase;
			buildActionMask = 2147483647;
			files = (
				F456D5222ED0D3F00011C874 /* libUnitTest++.a in Frameworks */,
			);
			runOnlyForDeploymentPostprocessing = 0;
		};
/* End PBXFrameworksBuildPhase section */

/* Begin PBXGroup section */
		F456D4FF2ECE34510011C874 = {
			isa = PBXGroup;
			children = (
				F456D50A2ECE34510011C874 /* ppois_2 */,
				F456D5182ED042BB0011C874 /* KitchenTests */,
				F456D5202ED0D3EF0011C874 /* Frameworks */,
				F456D5092ECE34510011C874 /* Products */,
			);
			sourceTree = "<group>";
		};
		F456D5092ECE34510011C874 /* Products */ = {
			isa = PBXGroup;
			children = (
				F456D5082ECE34510011C874 /* ppois_2 */,
				F456D5172ED042BB0011C874 /* KitchenTests */,
			);
			name = Products;
			sourceTree = "<group>";
		};
		F456D5202ED0D3EF0011C874 /* Frameworks */ = {
			isa = PBXGroup;
			children = (
				F456D5212ED0D3F00011C874 /* libUnitTest++.a */,
			);
			name = Frameworks;
			sourceTree = "<group>";
		};
		F4B62B332ED38F9700B69ECD /* Products */ = {
			isa = PBXGroup;
			children = (
			);
			name = Products;
			sourceTree = "<group>";
		};
/* End PBXGroup section */

/* Begin PBXNativeTarget section */
		F456D5072ECE34510011C874 /* ppois_2 */ = {
			isa = PBXNativeTarget;
			buildConfigurationList = F456D50F2ECE34510011C874 /* Build configuration list for PBXNativeTarget "ppois_2" */;
			buildPhases = (
				F456D5042ECE34510011C874 /* Sources */,
				F456D5052ECE34510011C874 /* Frameworks */,
				F456D5062ECE34510011C874 /* CopyFiles */,
			);
			buildRules = (
			);
			dependencies = (
			);
			fileSystemSynchronizedGroups = (
				F456D50A2ECE34510011C874 /* ppois_2 */,
			);
			name = ppois_2;
			packageProductDependencies = (
			);
			productName = ppois_2;
			productReference = F456D5082ECE34510011C874 /* ppois_2 */;
			productType = "com.apple.product-type.tool";
		};
		F456D5162ED042BB0011C874 /* KitchenTests */ = {
			isa = PBXNativeTarget;
			buildConfigurationList = F456D51B2ED042BB0011C874 /* Build configuration list for PBXNativeTarget "KitchenTests" */;
			buildPhases = (
				F456D5132ED042BB0011C874 /* Sources */,
				F456D5142ED042BB0011C874 /* Frameworks */,
				F456D5152ED042BB0011C874 /* CopyFiles */,
			);
			buildRules = (
			);
			dependencies = (
			);
			fileSystemSynchronizedGroups = (
				F456D5182ED042BB0011C874 /* KitchenTests */,
			);
			name = KitchenTests;
			packageProductDependencies = (
			);
			productName = KitchenTests;
			productReference = F456D5172ED042BB0011C874 /* KitchenTests */;
			productType = "com.apple.product-type.tool";
		};
/* End PBXNativeTarget section */

/* Begin PBXProject section */
		F456D5002ECE34510011C874 /* Project object */ = {
			isa = PBXProject;
			attributes = {
				BuildIndependentTargetsInParallel = 1;
				LastUpgradeCheck = 2610;
				TargetAttributes = {
					F456D5072ECE34510011C874 = {
						CreatedOnToolsVersion = 26.1.1;
					};
					F456D5162ED042BB0011C874 = {
						CreatedOnToolsVersion = 26.1.1;
					};
				};
			};
			buildConfigurationList = F456D5032ECE34510011C874 /* Build configuration list for PBXProject "ppois_2" */;
			developmentRegion = en;
			hasScannedForEncodings = 0;
			knownRegions = (
				en,
				Base,
			);
			mainGroup = F456D4FF2ECE34510011C874;
			minimizedProjectReferenceProxies = 1;
			preferredProjectObjectVersion = 77;
			productRefGroup = F456D5092ECE34510011C874 /* Products */;
			projectDirPath = "";
			projectReferences = (
				{
					ProductGroup = F4B62B332ED38F9700B69ECD /* Products */;
					ProjectRef = F4B62B322ED38F9700B69ECD /* ppois_2.xcodeproj */;
				},
			);
			projectRoot = "";
			targets = (
				F456D5072ECE34510011C874 /* ppois_2 */,
				F456D5162ED042BB0011C874 /* KitchenTests */,
			);
		};
/* End PBXProject section */

/* Begin PBXSourcesBuildPhase section */
		F456D5042ECE34510011C874 /* Sources */ = {
			isa = PBXSourcesBuildPhase;
			buildActionMask = 2147483647;
			files = (
			);
			runOnlyForDeploymentPostprocessing = 0;
		};
		F456D5132ED042BB0011C874 /* Sources */ = {
			isa = PBXSourcesBuildPhase;
			buildActionMask = 2147483647;
			files = (
			);
			runOnlyForDeploymentPostprocessing = 0;
		};
/* End PBXSourcesBuildPhase section */

/* Begin XCBuildConfiguration section */
		F456D50D2ECE34510011C874 /* Debug */ = {
			isa = XCBuildConfiguration;
			buildSettings = {
				ALWAYS_SEARCH_USER_PATHS = NO;
				ASSETCATALOG_COMPILER_GENERATE_SWIFT_ASSET_SYMBOL_EXTENSIONS = YES;
				CLANG_ANALYZER_NONNULL = YES;
				CLANG_ANALYZER_NUMBER_OBJECT_CONVERSION = YES_AGGRESSIVE;
				CLANG_CXX_LANGUAGE_STANDARD = "gnu++20";
				CLANG_ENABLE_MODULES = YES;
				CLANG_ENABLE_OBJC_ARC = YES;
				CLANG_ENABLE_OBJC_WEAK = YES;
				CLANG_WARN_BLOCK_CAPTURE_AUTORELEASING = YES;
				CLANG_WARN_BOOL_CONVERSION = YES;
				CLANG_WARN_COMMA = YES;
				CLANG_WARN_CONSTANT_CONVERSION = YES;
				CLANG_WARN_DEPRECATED_OBJC_IMPLEMENTATIONS = YES;
				CLANG_WARN_DIRECT_OBJC_ISA_USAGE = YES_ERROR;
				CLANG_WARN_DOCUMENTATION_COMMENTS = YES;
				CLANG_WARN_EMPTY_BODY = YES;
				CLANG_WARN_ENUM_CONVERSION = YES;
				CLANG_WARN_INFINITE_RECURSION = YES;
				CLANG_WARN_INT_CONVERSION = YES;
				CLANG_WARN_NON_LITERAL_NULL_CONVERSION = YES;
				CLANG_WARN_OBJC_IMPLICIT_RETAIN_SELF = YES;
				CLANG_WARN_OBJC_LITERAL_CONVERSION = YES;
				CLANG_WARN_OBJC_ROOT_CLASS = YES_ERROR;
				CLANG_WARN_QUOTED_INCLUDE_IN_FRAMEWORK_HEADER = YES;
				CLANG_WARN_RANGE_LOOP_ANALYSIS = YES;
				CLANG_WARN_STRICT_PROTOTYPES = YES;
				CLANG_WARN_SUSPICIOUS_MOVE = YES;
				CLANG_WARN_UNGUARDED_AVAILABILITY = YES_AGGRESSIVE;
				CLANG_WARN_UNREACHABLE_CODE = YES;
				CLANG_WARN__DUPLICATE_METHOD_MATCH = YES;
				COPY_PHASE_STRIP = NO;
				DEBUG_INFORMATION_FORMAT = dwarf;
				ENABLE_STRICT_OBJC_MSGSEND = YES;
				ENABLE_TESTABILITY = YES;
				ENABLE_USER_SCRIPT_SANDBOXING = YES;
				GCC_C_LANGUAGE_STANDARD = gnu17;
				GCC_DYNAMIC_NO_PIC = NO;
				GCC_NO_COMMON_BLOCKS = YES;
				GCC_OPTIMIZATION_LEVEL = 0;
				GCC_PREPROCESSOR_DEFINITIONS = (
					"DEBUG=1",
					"$(inherited)",
				);
				GCC_WARN_64_TO_32_BIT_CONVERSION = YES;
				GCC_WARN_ABOUT_RETURN_TYPE = YES_ERROR;
				GCC_WARN_UNDECLARED_SELECTOR = YES;
				GCC_WARN_UNINITIALIZED_AUTOS = YES_AGGRESSIVE;
				GCC_WARN_UNUSED_FUNCTION = YES;
				GCC_WARN_UNUSED_VARIABLE = YES;
				LOCALIZATION_PREFERS_STRING_CATALOGS = YES;
				MACOSX_DEPLOYMENT_TARGET = 26.1;
				MTL_ENABLE_DEBUG_INFO = INCLUDE_SOURCE;
				MTL_FAST_MATH = YES;
				ONLY_ACTIVE_ARCH = YES;
				SDKROOT = macosx;
			};
			name = Debug;
		};
		F456D50E2ECE34510011C874 /* Release */ = {
			isa = XCBuildConfiguration;
			buildSettings = {
				ALWAYS_SEARCH_USER_PATHS = NO;
				ASSETCATALOG_COMPILER_GENERATE_SWIFT_ASSET_SYMBOL_EXTENSIONS = YES;
				CLANG_ANALYZER_NONNULL = YES;
				CLANG_ANALYZER_NUMBER_OBJECT_CONVERSION = YES_AGGRESSIVE;
				CLANG_CXX_LANGUAGE_STANDARD = "gnu++20";
				CLANG_ENABLE_MODULES = YES;
				CLANG_ENABLE_OBJC_ARC = YES;
				CLANG_ENABLE_OBJC_WEAK = YES;
				CLANG_WARN_BLOCK_CAPTURE_AUTORELEASING = YES;
				CLANG_WARN_BOOL_CONVERSION = YES;
				CLANG_WARN_COMMA = YES;
				CLANG_WARN_CONSTANT_CONVERSION = YES;
				CLANG_WARN_DEPRECATED_OBJC_IMPLEMENTATIONS = YES;
				CLANG_WARN_DIRECT_OBJC_ISA_USAGE = YES_ERROR;
				CLANG_WARN_DOCUMENTATION_COMMENTS = YES;
				CLANG_WARN_EMPTY_BODY = YES;
				CLANG_WARN_ENUM_CONVERSION = YES;
				CLANG_WARN_INFINITE_RECURSION = YES;
				CLANG_WARN_INT_CONVERSION = YES;
				CLANG_WARN_NON_LITERAL_NULL_CONVERSION = YES;
				CLANG_WARN_OBJC_IMPLICIT_RETAIN_SELF = YES;
				CLANG_WARN_OBJC_LITERAL_CONVERSION = YES;
				CLANG_WARN_OBJC_ROOT_CLASS = YES_ERROR;
				CLANG_WARN_QUOTED_INCLUDE_IN_FRAMEWORK_HEADER = YES;
				CLANG_WARN_RANGE_LOOP_ANALYSIS = YES;
				CLANG_WARN_STRICT_PROTOTYPES = YES;
				CLANG_WARN_SUSPICIOUS_MOVE = YES;
				CLANG_WARN_UNGUARDED_AVAILABILITY = YES_AGGRESSIVE;
				CLANG_WARN_UNREACHABLE_CODE = YES;
				CLANG_WARN__DUPLICATE_METHOD_MATCH = YES;
				COPY_PHASE_STRIP = NO;
				DEBUG_INFORMATION_FORMAT = "dwarf-with-dsym";
				ENABLE_NS_ASSERTIONS = NO;
				ENABLE_STRICT_OBJC_MSGSEND = YES;
				ENABLE_USER_SCRIPT_SANDBOXING = YES;
				GCC_C_LANGUAGE_STANDARD = gnu17;
				GCC_NO_COMMON_BLOCKS = YES;
				GCC_WARN_64_TO_32_BIT_CONVERSION = YES;
				GCC_WARN_ABOUT_RETURN_TYPE = YES_ERROR;
				GCC_WARN_UNDECLARED_SELECTOR = YES;
				GCC_WARN_UNINITIALIZED_AUTOS = YES_AGGRESSIVE;
				GCC_WARN_UNUSED_FUNCTION = YES;
				GCC_WARN_UNUSED_VARIABLE = YES;
				LOCALIZATION_PREFERS_STRING_CATALOGS = YES;
				MACOSX_DEPLOYMENT_TARGET = 26.1;
				MTL_ENABLE_DEBUG_INFO = NO;
				MTL_FAST_MATH = YES;
				SDKROOT = macosx;
			};
			name = Release;
		};
		F456D5102ECE34510011C874 /* Debug */ = {
			isa = XCBuildConfiguration;
			buildSettings = {
				CODE_SIGN_STYLE = Automatic;
				PRODUCT_NAME = "$(TARGET_NAME)";
			};
			name = Debug;
		};
		F456D5112ECE34510011C874 /* Release */ = {
			isa = XCBuildConfiguration;
			buildSettings = {
				CODE_SIGN_STYLE = Automatic;
				PRODUCT_NAME = "$(TARGET_NAME)";
			};
			name = Release;
		};
		F456D51C2ED042BB0011C874 /* Debug */ = {
			isa = XCBuildConfiguration;
			buildSettings = {
				CODE_SIGN_STYLE = Automatic;
				HEADER_SEARCH_PATHS = "/opt/homebrew/opt/unittest-cpp/include";
				LIBRARY_SEARCH_PATHS = (
					"/opt/homebrew/opt/unittest-cpp/lib",
					"/opt/homebrew/Cellar/unittest-cpp/2.0.0/lib",
				);
				PRODUCT_NAME = "$(TARGET_NAME)";
			};
			name = Debug;
		};
		F456D51D2ED042BB0011C874 /* Release */ = {
			isa = XCBuildConfiguration;
			buildSettings = {
				CODE_SIGN_STYLE = Automatic;
				HEADER_SEARCH_PATHS = "/opt/homebrew/opt/unittest-cpp/include";
				LIBRARY_SEARCH_PATHS = (
					"/opt/homebrew/opt/unittest-cpp/lib",
					"/opt/homebrew/Cellar/unittest-cpp/2.0.0/lib",
				);
				PRODUCT_NAME = "$(TARGET_NAME)";
			};
			name = Release;
		};
/* End XCBuildConfiguration section */

/* Begin XCConfigurationList section */
		F456D5032ECE34510011C874 /* Build configuration list for PBXProject "ppois_2" */ = {
			isa = XCConfigurationList;
			buildConfigurations = (
				F456D50D2ECE34510011C874 /* Debug */,
				F456D50E2ECE34510011C874 /* Release */,
			);
			defaultConfigurationIsVisible = 0;
			defaultConfigurationName = Release;
		};
		F456D50F2ECE34510011C874 /* Build configuration list for PBXNativeTarget "ppois_2" */ = {
			isa = XCConfigurationList;
			buildConfigurations = (
				F456D5102ECE34510011C874 /* Debug */,
				F456D5112ECE34510011C874 /* Release */,
			);
			defaultConfigurationIsVisible = 0;
			defaultConfigurationName = Release;
		};
		F456D51B2ED042BB0011C874 /* Build configuration list for PBXNativeTarget "KitchenTests" */ = {
			isa = XCConfigurationList;
			buildConfigurations = (
				F456D51C2ED042BB0011C874 /* Debug */,
				F456D51D2ED042BB0011C874 /* Release */,
			);
			defaultConfigurationIsVisible = 0;
			defaultConfigurationName = Release;
		};
/* End XCConfigurationList section */
	};
	rootObject = F456D5002ECE34510011C874 /* Project object */;
}
